
Microsoft Visual Studio Solution File, Format Version 12.00
# Visual Studio 15
VisualStudioVersion = 15.0.28010.2048
MinimumVisualStudioVersion = 10.0.40219.1
Project("{FAE04EC0-301F-11D3-BF4B-00C04F79EFBC}") = "Milliman.Pixel.Web.Tests", "Milliman.Pixel.Web.Tests.csproj", "{FAC3B11C-1E7A-4E4A-8AC4-3BE9A8E66AC8}"
EndProject
Global
	GlobalSection(SolutionConfigurationPlatforms) = preSolution
		Debug|Any CPU = Debug|Any CPU
		Release|Any CPU = Release|Any CPU
	EndGlobalSection
	GlobalSection(ProjectConfigurationPlatforms) = postSolution
		{FAC3B11C-1E7A-4E4A-8AC4-3BE9A8E66AC8}.Debug|Any CPU.ActiveCfg = Debug|Any CPU
		{FAC3B11C-1E7A-4E4A-8AC4-3BE9A8E66AC8}.Debug|Any CPU.Build.0 = Debug|Any CPU
		{FAC3B11C-1E7A-4E4A-8AC4-3BE9A8E66AC8}.Release|Any CPU.ActiveCfg = Release|Any CPU
		{FAC3B11C-1E7A-4E4A-8AC4-3BE9A8E66AC8}.Release|Any CPU.Build.0 = Release|Any CPU
	EndGlobalSection
	GlobalSection(SolutionProperties) = preSolution
		HideSolutionNode = FALSE
	EndGlobalSection
	GlobalSection(ExtensibilityGlobals) = postSolution
		SolutionGuid = {6D520D4E-E0C7-4099-AD9A-919B799269B4}
	EndGlobalSection
EndGlobal
